
Microsoft Visual Studio Solution File, Format Version 12.00
# Visual Studio Version 17
VisualStudioVersion = 17.9.34616.47
MinimumVisualStudioVersion = 10.0.40219.1
Project("{FAE04EC0-301F-11D3-BF4B-00C04F79EFBC}") = "WeatherApp", "WeatherApp\WeatherApp.csproj", "{75226D34-E9CE-443A-ABB7-19D58D3279FA}"
EndProject
Project("{FAE04EC0-301F-11D3-BF4B-00C04F79EFBC}") = "WeatherApp.Adapters", "WeatherApp.Adapters\WeatherApp.Adapters.csproj", "{D82FF63F-C5AD-4ACC-B026-75D652CAC5E1}"
EndProject
Project("{FAE04EC0-301F-11D3-BF4B-00C04F79EFBC}") = "WeatherApp.Models", "WeatherApp.Models\WeatherApp.Models.csproj", "{17C0D642-8162-4E27-A116-9BC7A7CE0C9E}"
EndProject
Project("{FAE04EC0-301F-11D3-BF4B-00C04F79EFBC}") = "WeatherApp.Services", "WeatherApp.Services\WeatherApp.Services.csproj", "{0AC682A0-598E-4E49-A361-32D1A11120E9}"
EndProject
Project("{FAE04EC0-301F-11D3-BF4B-00C04F79EFBC}") = "WeatherApp.Common", "WeatherApp.Common\WeatherApp.Common.csproj", "{1A5A2B5F-42D4-4C15-9AD0-64CF189AAA6C}"
EndProject
Project("{2150E333-8FDC-42A3-9474-1A3956D46DE8}") = "1.0 Common", "1.0 Common", "{D881509C-FFA6-4F6E-9C2F-3A944BC5ACF3}"
EndProject
Project("{2150E333-8FDC-42A3-9474-1A3956D46DE8}") = "2.0 Domain", "2.0 Domain", "{5823885E-F0E3-4E66-A9F8-9C05C4B348F7}"
EndProject
Project("{2150E333-8FDC-42A3-9474-1A3956D46DE8}") = "5.0 App", "5.0 App", "{B582FA0D-7BFB-487D-BEFF-BD2D7DFF5929}"
EndProject
Project("{2150E333-8FDC-42A3-9474-1A3956D46DE8}") = "6.0 UnitTests", "6.0 UnitTests", "{B50BD732-A394-4E62-98D2-69306715C884}"
EndProject
Project("{2150E333-8FDC-42A3-9474-1A3956D46DE8}") = "4.0 UI", "4.0 UI", "{D74E1165-B5DA-4FEA-B72B-1121ED7F2D29}"
EndProject
Project("{FAE04EC0-301F-11D3-BF4B-00C04F79EFBC}") = "WeatherApp.UnitTests", "WeatherApp.UnitTests\WeatherApp.UnitTests.csproj", "{F52EEDD7-8D2C-470F-94E5-5F9E543B5F59}"
EndProject
Project("{FAE04EC0-301F-11D3-BF4B-00C04F79EFBC}") = "WeatherApp.UI", "WeatherApp.UI\WeatherApp.UI.csproj", "{4E121B73-0F48-4682-9822-9539CEAA6127}"
EndProject
Project("{2150E333-8FDC-42A3-9474-1A3956D46DE8}") = "3.0 Business", "3.0 Business", "{C84CEDBD-C8F4-48B0-A719-FAE7AC5CF374}"
EndProject
Project("{FAE04EC0-301F-11D3-BF4B-00C04F79EFBC}") = "WeatherApp.Domain", "WeatherApp.Domain\WeatherApp.Domain.csproj", "{A92F60C5-6B32-4524-B9A9-41531202E459}"
EndProject
Global
	GlobalSection(SolutionConfigurationPlatforms) = preSolution
		Debug|Any CPU = Debug|Any CPU
		Release|Any CPU = Release|Any CPU
	EndGlobalSection
	GlobalSection(ProjectConfigurationPlatforms) = postSolution
		{75226D34-E9CE-443A-ABB7-19D58D3279FA}.Debug|Any CPU.ActiveCfg = Debug|Any CPU
		{75226D34-E9CE-443A-ABB7-19D58D3279FA}.Debug|Any CPU.Build.0 = Debug|Any CPU
		{75226D34-E9CE-443A-ABB7-19D58D3279FA}.Debug|Any CPU.Deploy.0 = Debug|Any CPU
		{75226D34-E9CE-443A-ABB7-19D58D3279FA}.Release|Any CPU.ActiveCfg = Release|Any CPU
		{75226D34-E9CE-443A-ABB7-19D58D3279FA}.Release|Any CPU.Build.0 = Release|Any CPU
		{75226D34-E9CE-443A-ABB7-19D58D3279FA}.Release|Any CPU.Deploy.0 = Release|Any CPU
		{D82FF63F-C5AD-4ACC-B026-75D652CAC5E1}.Debug|Any CPU.ActiveCfg = Debug|Any CPU
		{D82FF63F-C5AD-4ACC-B026-75D652CAC5E1}.Debug|Any CPU.Build.0 = Debug|Any CPU
		{D82FF63F-C5AD-4ACC-B026-75D652CAC5E1}.Release|Any CPU.ActiveCfg = Release|Any CPU
		{D82FF63F-C5AD-4ACC-B026-75D652CAC5E1}.Release|Any CPU.Build.0 = Release|Any CPU
		{17C0D642-8162-4E27-A116-9BC7A7CE0C9E}.Debug|Any CPU.ActiveCfg = Debug|Any CPU
		{17C0D642-8162-4E27-A116-9BC7A7CE0C9E}.Debug|Any CPU.Build.0 = Debug|Any CPU
		{17C0D642-8162-4E27-A116-9BC7A7CE0C9E}.Release|Any CPU.ActiveCfg = Release|Any CPU
		{17C0D642-8162-4E27-A116-9BC7A7CE0C9E}.Release|Any CPU.Build.0 = Release|Any CPU
		{0AC682A0-598E-4E49-A361-32D1A11120E9}.Debug|Any CPU.ActiveCfg = Debug|Any CPU
		{0AC682A0-598E-4E49-A361-32D1A11120E9}.Debug|Any CPU.Build.0 = Debug|Any CPU
		{0AC682A0-598E-4E49-A361-32D1A11120E9}.Release|Any CPU.ActiveCfg = Release|Any CPU
		{0AC682A0-598E-4E49-A361-32D1A11120E9}.Release|Any CPU.Build.0 = Release|Any CPU
		{1A5A2B5F-42D4-4C15-9AD0-64CF189AAA6C}.Debug|Any CPU.ActiveCfg = Debug|Any CPU
		{1A5A2B5F-42D4-4C15-9AD0-64CF189AAA6C}.Debug|Any CPU.Build.0 = Debug|Any CPU
		{1A5A2B5F-42D4-4C15-9AD0-64CF189AAA6C}.Release|Any CPU.ActiveCfg = Release|Any CPU
		{1A5A2B5F-42D4-4C15-9AD0-64CF189AAA6C}.Release|Any CPU.Build.0 = Release|Any CPU
		{F52EEDD7-8D2C-470F-94E5-5F9E543B5F59}.Debug|Any CPU.ActiveCfg = Debug|Any CPU
		{F52EEDD7-8D2C-470F-94E5-5F9E543B5F59}.Debug|Any CPU.Build.0 = Debug|Any CPU
		{F52EEDD7-8D2C-470F-94E5-5F9E543B5F59}.Release|Any CPU.ActiveCfg = Release|Any CPU
		{F52EEDD7-8D2C-470F-94E5-5F9E543B5F59}.Release|Any CPU.Build.0 = Release|Any CPU
		{4E121B73-0F48-4682-9822-9539CEAA6127}.Debug|Any CPU.ActiveCfg = Debug|Any CPU
		{4E121B73-0F48-4682-9822-9539CEAA6127}.Debug|Any CPU.Build.0 = Debug|Any CPU
		{4E121B73-0F48-4682-9822-9539CEAA6127}.Release|Any CPU.ActiveCfg = Release|Any CPU
		{4E121B73-0F48-4682-9822-9539CEAA6127}.Release|Any CPU.Build.0 = Release|Any CPU
		{A92F60C5-6B32-4524-B9A9-41531202E459}.Debug|Any CPU.ActiveCfg = Debug|Any CPU
		{A92F60C5-6B32-4524-B9A9-41531202E459}.Debug|Any CPU.Build.0 = Debug|Any CPU
		{A92F60C5-6B32-4524-B9A9-41531202E459}.Release|Any CPU.ActiveCfg = Release|Any CPU
		{A92F60C5-6B32-4524-B9A9-41531202E459}.Release|Any CPU.Build.0 = Release|Any CPU
	EndGlobalSection
	GlobalSection(SolutionProperties) = preSolution
		HideSolutionNode = FALSE
	EndGlobalSection
	GlobalSection(NestedProjects) = preSolution
		{75226D34-E9CE-443A-ABB7-19D58D3279FA} = {B582FA0D-7BFB-487D-BEFF-BD2D7DFF5929}
		{D82FF63F-C5AD-4ACC-B026-75D652CAC5E1} = {C84CEDBD-C8F4-48B0-A719-FAE7AC5CF374}
		{17C0D642-8162-4E27-A116-9BC7A7CE0C9E} = {5823885E-F0E3-4E66-A9F8-9C05C4B348F7}
		{0AC682A0-598E-4E49-A361-32D1A11120E9} = {C84CEDBD-C8F4-48B0-A719-FAE7AC5CF374}
		{1A5A2B5F-42D4-4C15-9AD0-64CF189AAA6C} = {D881509C-FFA6-4F6E-9C2F-3A944BC5ACF3}
		{F52EEDD7-8D2C-470F-94E5-5F9E543B5F59} = {B50BD732-A394-4E62-98D2-69306715C884}
		{4E121B73-0F48-4682-9822-9539CEAA6127} = {D74E1165-B5DA-4FEA-B72B-1121ED7F2D29}
		{A92F60C5-6B32-4524-B9A9-41531202E459} = {5823885E-F0E3-4E66-A9F8-9C05C4B348F7}
	EndGlobalSection
	GlobalSection(ExtensibilityGlobals) = postSolution
		SolutionGuid = {4EE0C356-E196-4DEC-B611-EF9692B61C3E}
	EndGlobalSection
EndGlobal
